// !$*UTF8*$!
{
	archiveVersion = 1;
	classes = {
	};
	objectVersion = 50;
	objects = {

/* Begin PBXBuildFile section */
		37BB92ED8FD06A22238C7546 /* Pods_UberApp.framework in Frameworks */ = {isa = PBXBuildFile; fileRef = 55ABD83A16E869F812614CD8 /* Pods_UberApp.framework */; };
		B226BF8529D126E80005CA66 /* AppDelegate.swift in Sources */ = {isa = PBXBuildFile; fileRef = B226BF8429D126E80005CA66 /* AppDelegate.swift */; };
		B226BF8729D126E80005CA66 /* SceneDelegate.swift in Sources */ = {isa = PBXBuildFile; fileRef = B226BF8629D126E80005CA66 /* SceneDelegate.swift */; };
		B226BF8C29D126E80005CA66 /* Main.storyboard in Resources */ = {isa = PBXBuildFile; fileRef = B226BF8A29D126E80005CA66 /* Main.storyboard */; };
		B226BF8E29D126EA0005CA66 /* Assets.xcassets in Resources */ = {isa = PBXBuildFile; fileRef = B226BF8D29D126EA0005CA66 /* Assets.xcassets */; };
		B226BF9129D126EA0005CA66 /* LaunchScreen.storyboard in Resources */ = {isa = PBXBuildFile; fileRef = B226BF8F29D126EA0005CA66 /* LaunchScreen.storyboard */; };
		B226BFA229D128FE0005CA66 /* LoginController.swift in Sources */ = {isa = PBXBuildFile; fileRef = B226BFA129D128FE0005CA66 /* LoginController.swift */; };
		B226BFA429D132B00005CA66 /* Extensions.swift in Sources */ = {isa = PBXBuildFile; fileRef = B226BFA329D132B00005CA66 /* Extensions.swift */; };
		B226BFA629D1813D0005CA66 /* SignUpController.swift in Sources */ = {isa = PBXBuildFile; fileRef = B226BFA529D1813D0005CA66 /* SignUpController.swift */; };
		B226BFA829D1BBBD0005CA66 /* AuthButton.swift in Sources */ = {isa = PBXBuildFile; fileRef = B226BFA729D1BBBD0005CA66 /* AuthButton.swift */; };
		B226BFAA29D1F80D0005CA66 /* GoogleService-Info.plist in Resources */ = {isa = PBXBuildFile; fileRef = B226BFA929D1F80D0005CA66 /* GoogleService-Info.plist */; };
/* End PBXBuildFile section */

/* Begin PBXFileReference section */
		55ABD83A16E869F812614CD8 /* Pods_UberApp.framework */ = {isa = PBXFileReference; explicitFileType = wrapper.framework; includeInIndex = 0; path = Pods_UberApp.framework; sourceTree = BUILT_PRODUCTS_DIR; };
		7888661FD2DF417EFD4F22AE /* Pods-UberApp.release.xcconfig */ = {isa = PBXFileReference; includeInIndex = 1; lastKnownFileType = text.xcconfig; name = "Pods-UberApp.release.xcconfig"; path = "Target Support Files/Pods-UberApp/Pods-UberApp.release.xcconfig"; sourceTree = "<group>"; };
		9952E5B2B14403ED5C115D63 /* Pods-UberApp.debug.xcconfig */ = {isa = PBXFileReference; includeInIndex = 1; lastKnownFileType = text.xcconfig; name = "Pods-UberApp.debug.xcconfig"; path = "Target Support Files/Pods-UberApp/Pods-UberApp.debug.xcconfig"; sourceTree = "<group>"; };
		B226BF8129D126E80005CA66 /* UberApp.app */ = {isa = PBXFileReference; explicitFileType = wrapper.application; includeInIndex = 0; path = UberApp.app; sourceTree = BUILT_PRODUCTS_DIR; };
		B226BF8429D126E80005CA66 /* AppDelegate.swift */ = {isa = PBXFileReference; lastKnownFileType = sourcecode.swift; path = AppDelegate.swift; sourceTree = "<group>"; };
		B226BF8629D126E80005CA66 /* SceneDelegate.swift */ = {isa = PBXFileReference; lastKnownFileType = sourcecode.swift; path = SceneDelegate.swift; sourceTree = "<group>"; };
		B226BF8B29D126E80005CA66 /* Base */ = {isa = PBXFileReference; lastKnownFileType = file.storyboard; name = Base; path = Base.lproj/Main.storyboard; sourceTree = "<group>"; };
		B226BF8D29D126EA0005CA66 /* Assets.xcassets */ = {isa = PBXFileReference; lastKnownFileType = folder.assetcatalog; path = Assets.xcassets; sourceTree = "<group>"; };
		B226BF9029D126EA0005CA66 /* Base */ = {isa = PBXFileReference; lastKnownFileType = file.storyboard; name = Base; path = Base.lproj/LaunchScreen.storyboard; sourceTree = "<group>"; };
		B226BF9229D126EA0005CA66 /* Info.plist */ = {isa = PBXFileReference; lastKnownFileType = text.plist.xml; path = Info.plist; sourceTree = "<group>"; };
		B226BFA129D128FE0005CA66 /* LoginController.swift */ = {isa = PBXFileReference; lastKnownFileType = sourcecode.swift; path = LoginController.swift; sourceTree = "<group>"; };
		B226BFA329D132B00005CA66 /* Extensions.swift */ = {isa = PBXFileReference; lastKnownFileType = sourcecode.swift; path = Extensions.swift; sourceTree = "<group>"; };
		B226BFA529D1813D0005CA66 /* SignUpController.swift */ = {isa = PBXFileReference; lastKnownFileType = sourcecode.swift; path = SignUpController.swift; sourceTree = "<group>"; };
		B226BFA729D1BBBD0005CA66 /* AuthButton.swift */ = {isa = PBXFileReference; lastKnownFileType = sourcecode.swift; path = AuthButton.swift; sourceTree = "<group>"; };
		B226BFA929D1F80D0005CA66 /* GoogleService-Info.plist */ = {isa = PBXFileReference; lastKnownFileType = text.plist; path = "GoogleService-Info.plist"; sourceTree = SOURCE_ROOT; };
/* End PBXFileReference section */

/* Begin PBXFrameworksBuildPhase section */
		B226BF7E29D126E80005CA66 /* Frameworks */ = {
			isa = PBXFrameworksBuildPhase;
			buildActionMask = 2147483647;
			files = (
				37BB92ED8FD06A22238C7546 /* Pods_UberApp.framework in Frameworks */,
			);
			runOnlyForDeploymentPostprocessing = 0;
		};
/* End PBXFrameworksBuildPhase section */

/* Begin PBXGroup section */
		AFF141FF42BED05F0648EF1B /* Frameworks */ = {
			isa = PBXGroup;
			children = (
				55ABD83A16E869F812614CD8 /* Pods_UberApp.framework */,
			);
			name = Frameworks;
			sourceTree = "<group>";
		};
		B226BF7829D126E80005CA66 = {
			isa = PBXGroup;
			children = (
				B226BF8329D126E80005CA66 /* UberApp */,
				B226BF8229D126E80005CA66 /* Products */,
				D47C4E58AEF965FB5083A156 /* Pods */,
				AFF141FF42BED05F0648EF1B /* Frameworks */,
			);
			sourceTree = "<group>";
		};
		B226BF8229D126E80005CA66 /* Products */ = {
			isa = PBXGroup;
			children = (
				B226BF8129D126E80005CA66 /* UberApp.app */,
			);
			name = Products;
			sourceTree = "<group>";
		};
		B226BF8329D126E80005CA66 /* UberApp */ = {
			isa = PBXGroup;
			children = (
				B226BF9C29D127F70005CA66 /* Model */,
				B226BF9D29D1282B0005CA66 /* View */,
				B226BF9E29D128320005CA66 /* Controller */,
				B226BF9F29D1283F0005CA66 /* Service */,
				B226BFA029D1284A0005CA66 /* Utils */,
				B226BF8429D126E80005CA66 /* AppDelegate.swift */,
				B226BF8629D126E80005CA66 /* SceneDelegate.swift */,
				B226BF8A29D126E80005CA66 /* Main.storyboard */,
				B226BFA929D1F80D0005CA66 /* GoogleService-Info.plist */,
				B226BF8D29D126EA0005CA66 /* Assets.xcassets */,
				B226BF8F29D126EA0005CA66 /* LaunchScreen.storyboard */,
				B226BF9229D126EA0005CA66 /* Info.plist */,
			);
			path = UberApp;
			sourceTree = "<group>";
		};
		B226BF9C29D127F70005CA66 /* Model */ = {
			isa = PBXGroup;
			children = (
			);
			path = Model;
			sourceTree = "<group>";
		};
		B226BF9D29D1282B0005CA66 /* View */ = {
			isa = PBXGroup;
			children = (
				B226BFA729D1BBBD0005CA66 /* AuthButton.swift */,
			);
			path = View;
			sourceTree = "<group>";
		};
		B226BF9E29D128320005CA66 /* Controller */ = {
			isa = PBXGroup;
			children = (
				B226BFA129D128FE0005CA66 /* LoginController.swift */,
				B226BFA529D1813D0005CA66 /* SignUpController.swift */,
			);
			path = Controller;
			sourceTree = "<group>";
		};
		B226BF9F29D1283F0005CA66 /* Service */ = {
			isa = PBXGroup;
			children = (
			);
			path = Service;
			sourceTree = "<group>";
		};
		B226BFA029D1284A0005CA66 /* Utils */ = {
			isa = PBXGroup;
			children = (
				B226BFA329D132B00005CA66 /* Extensions.swift */,
			);
			path = Utils;
			sourceTree = "<group>";
		};
		D47C4E58AEF965FB5083A156 /* Pods */ = {
			isa = PBXGroup;
			children = (
				9952E5B2B14403ED5C115D63 /* Pods-UberApp.debug.xcconfig */,
				7888661FD2DF417EFD4F22AE /* Pods-UberApp.release.xcconfig */,
			);
			name = Pods;
			path = Pods;
			sourceTree = "<group>";
		};
/* End PBXGroup section */

/* Begin PBXNativeTarget section */
		B226BF8029D126E80005CA66 /* UberApp */ = {
			isa = PBXNativeTarget;
			buildConfigurationList = B226BF9529D126EA0005CA66 /* Build configuration list for PBXNativeTarget "UberApp" */;
			buildPhases = (
				F8B9315F55CE41FC86ABC9FA /* [CP] Check Pods Manifest.lock */,
				B226BF7D29D126E80005CA66 /* Sources */,
				B226BF7E29D126E80005CA66 /* Frameworks */,
				B226BF7F29D126E80005CA66 /* Resources */,
				23D388E77430BCD3BC6E5B4A /* [CP] Embed Pods Frameworks */,
			);
			buildRules = (
			);
			dependencies = (
			);
			name = UberApp;
			productName = UberApp;
			productReference = B226BF8129D126E80005CA66 /* UberApp.app */;
			productType = "com.apple.product-type.application";
		};
/* End PBXNativeTarget section */

/* Begin PBXProject section */
		B226BF7929D126E80005CA66 /* Project object */ = {
			isa = PBXProject;
			attributes = {
				LastSwiftUpdateCheck = 1250;
				LastUpgradeCheck = 1250;
				TargetAttributes = {
					B226BF8029D126E80005CA66 = {
						CreatedOnToolsVersion = 12.5.1;
					};
				};
			};
			buildConfigurationList = B226BF7C29D126E80005CA66 /* Build configuration list for PBXProject "UberApp" */;
			compatibilityVersion = "Xcode 9.3";
			developmentRegion = en;
			hasScannedForEncodings = 0;
			knownRegions = (
				en,
				Base,
			);
			mainGroup = B226BF7829D126E80005CA66;
			productRefGroup = B226BF8229D126E80005CA66 /* Products */;
			projectDirPath = "";
			projectRoot = "";
			targets = (
				B226BF8029D126E80005CA66 /* UberApp */,
			);
		};
/* End PBXProject section */

/* Begin PBXResourcesBuildPhase section */
		B226BF7F29D126E80005CA66 /* Resources */ = {
			isa = PBXResourcesBuildPhase;
			buildActionMask = 2147483647;
			files = (
				B226BF9129D126EA0005CA66 /* LaunchScreen.storyboard in Resources */,
				B226BFAA29D1F80D0005CA66 /* GoogleService-Info.plist in Resources */,
				B226BF8E29D126EA0005CA66 /* Assets.xcassets in Resources */,
				B226BF8C29D126E80005CA66 /* Main.storyboard in Resources */,
			);
			runOnlyForDeploymentPostprocessing = 0;
		};
/* End PBXResourcesBuildPhase section */

/* Begin PBXShellScriptBuildPhase section */
		23D388E77430BCD3BC6E5B4A /* [CP] Embed Pods Frameworks */ = {
			isa = PBXShellScriptBuildPhase;
			buildActionMask = 2147483647;
			files = (
			);
			inputFileListPaths = (
				"${PODS_ROOT}/Target Support Files/Pods-UberApp/Pods-UberApp-frameworks-${CONFIGURATION}-input-files.xcfilelist",
			);
			name = "[CP] Embed Pods Frameworks";
			outputFileListPaths = (
				"${PODS_ROOT}/Target Support Files/Pods-UberApp/Pods-UberApp-frameworks-${CONFIGURATION}-output-files.xcfilelist",
			);
			runOnlyForDeploymentPostprocessing = 0;
			shellPath = /bin/sh;
			shellScript = "\"${PODS_ROOT}/Target Support Files/Pods-UberApp/Pods-UberApp-frameworks.sh\"\n";
			showEnvVarsInLog = 0;
		};
		F8B9315F55CE41FC86ABC9FA /* [CP] Check Pods Manifest.lock */ = {
			isa = PBXShellScriptBuildPhase;
			buildActionMask = 2147483647;
			files = (
			);
			inputFileListPaths = (
			);
			inputPaths = (
				"${PODS_PODFILE_DIR_PATH}/Podfile.lock",
				"${PODS_ROOT}/Manifest.lock",
			);
			name = "[CP] Check Pods Manifest.lock";
			outputFileListPaths = (
			);
			outputPaths = (
				"$(DERIVED_FILE_DIR)/Pods-UberApp-checkManifestLockResult.txt",
			);
			runOnlyForDeploymentPostprocessing = 0;
			shellPath = /bin/sh;
			shellScript = "diff \"${PODS_PODFILE_DIR_PATH}/Podfile.lock\" \"${PODS_ROOT}/Manifest.lock\" > /dev/null\nif [ $? != 0 ] ; then\n    # print error to STDERR\n    echo \"error: The sandbox is not in sync with the Podfile.lock. Run 'pod install' or update your CocoaPods installation.\" >&2\n    exit 1\nfi\n# This output is used by Xcode 'outputs' to avoid re-running this script phase.\necho \"SUCCESS\" > \"${SCRIPT_OUTPUT_FILE_0}\"\n";
			showEnvVarsInLog = 0;
		};
/* End PBXShellScriptBuildPhase section */

/* Begin PBXSourcesBuildPhase section */
		B226BF7D29D126E80005CA66 /* Sources */ = {
			isa = PBXSourcesBuildPhase;
			buildActionMask = 2147483647;
			files = (
				B226BFA629D1813D0005CA66 /* SignUpController.swift in Sources */,
				B226BFA829D1BBBD0005CA66 /* AuthButton.swift in Sources */,
				B226BFA229D128FE0005CA66 /* LoginController.swift in Sources */,
				B226BF8529D126E80005CA66 /* AppDelegate.swift in Sources */,
				B226BF8729D126E80005CA66 /* SceneDelegate.swift in Sources */,
				B226BFA429D132B00005CA66 /* Extensions.swift in Sources */,
			);
			runOnlyForDeploymentPostprocessing = 0;
		};
/* End PBXSourcesBuildPhase section */

/* Begin PBXVariantGroup section */
		B226BF8A29D126E80005CA66 /* Main.storyboard */ = {
			isa = PBXVariantGroup;
			children = (
				B226BF8B29D126E80005CA66 /* Base */,
			);
			name = Main.storyboard;
			sourceTree = "<group>";
		};
		B226BF8F29D126EA0005CA66 /* LaunchScreen.storyboard */ = {
			isa = PBXVariantGroup;
			children = (
				B226BF9029D126EA0005CA66 /* Base */,
			);
			name = LaunchScreen.storyboard;
			sourceTree = "<group>";
		};
/* End PBXVariantGroup section */

/* Begin XCBuildConfiguration section */
		B226BF9329D126EA0005CA66 /* Debug */ = {
			isa = XCBuildConfiguration;
			buildSettings = {
				ALWAYS_SEARCH_USER_PATHS = NO;
				CLANG_ANALYZER_NONNULL = YES;
				CLANG_ANALYZER_NUMBER_OBJECT_CONVERSION = YES_AGGRESSIVE;
				CLANG_CXX_LANGUAGE_STANDARD = "gnu++14";
				CLANG_CXX_LIBRARY = "libc++";
				CLANG_ENABLE_MODULES = YES;
				CLANG_ENABLE_OBJC_ARC = YES;
				CLANG_ENABLE_OBJC_WEAK = YES;
				CLANG_WARN_BLOCK_CAPTURE_AUTORELEASING = YES;
				CLANG_WARN_BOOL_CONVERSION = YES;
				CLANG_WARN_COMMA = YES;
				CLANG_WARN_CONSTANT_CONVERSION = YES;
				CLANG_WARN_DEPRECATED_OBJC_IMPLEMENTATIONS = YES;
				CLANG_WARN_DIRECT_OBJC_ISA_USAGE = YES_ERROR;
				CLANG_WARN_DOCUMENTATION_COMMENTS = YES;
				CLANG_WARN_EMPTY_BODY = YES;
				CLANG_WARN_ENUM_CONVERSION = YES;
				CLANG_WARN_INFINITE_RECURSION = YES;
				CLANG_WARN_INT_CONVERSION = YES;
				CLANG_WARN_NON_LITERAL_NULL_CONVERSION = YES;
				CLANG_WARN_OBJC_IMPLICIT_RETAIN_SELF = YES;
				CLANG_WARN_OBJC_LITERAL_CONVERSION = YES;
				CLANG_WARN_OBJC_ROOT_CLASS = YES_ERROR;
				CLANG_WARN_QUOTED_INCLUDE_IN_FRAMEWORK_HEADER = YES;
				CLANG_WARN_RANGE_LOOP_ANALYSIS = YES;
				CLANG_WARN_STRICT_PROTOTYPES = YES;
				CLANG_WARN_SUSPICIOUS_MOVE = YES;
				CLANG_WARN_UNGUARDED_AVAILABILITY = YES_AGGRESSIVE;
				CLANG_WARN_UNREACHABLE_CODE = YES;
				CLANG_WARN__DUPLICATE_METHOD_MATCH = YES;
				COPY_PHASE_STRIP = NO;
				DEBUG_INFORMATION_FORMAT = dwarf;
				ENABLE_STRICT_OBJC_MSGSEND = YES;
				ENABLE_TESTABILITY = YES;
				GCC_C_LANGUAGE_STANDARD = gnu11;
				GCC_DYNAMIC_NO_PIC = NO;
				GCC_NO_COMMON_BLOCKS = YES;
				GCC_OPTIMIZATION_LEVEL = 0;
				GCC_PREPROCESSOR_DEFINITIONS = (
					"DEBUG=1",
					"$(inherited)",
				);
				GCC_WARN_64_TO_32_BIT_CONVERSION = YES;
				GCC_WARN_ABOUT_RETURN_TYPE = YES_ERROR;
				GCC_WARN_UNDECLARED_SELECTOR = YES;
				GCC_WARN_UNINITIALIZED_AUTOS = YES_AGGRESSIVE;
				GCC_WARN_UNUSED_FUNCTION = YES;
				GCC_WARN_UNUSED_VARIABLE = YES;
				IPHONEOS_DEPLOYMENT_TARGET = 14.5;
				MTL_ENABLE_DEBUG_INFO = INCLUDE_SOURCE;
				MTL_FAST_MATH = YES;
				ONLY_ACTIVE_ARCH = YES;
				SDKROOT = iphoneos;
				SWIFT_ACTIVE_COMPILATION_CONDITIONS = DEBUG;
				SWIFT_OPTIMIZATION_LEVEL = "-Onone";
			};
			name = Debug;
		};
		B226BF9429D126EA0005CA66 /* Release */ = {
			isa = XCBuildConfiguration;
			buildSettings = {
				ALWAYS_SEARCH_USER_PATHS = NO;
				CLANG_ANALYZER_NONNULL = YES;
				CLANG_ANALYZER_NUMBER_OBJECT_CONVERSION = YES_AGGRESSIVE;
				CLANG_CXX_LANGUAGE_STANDARD = "gnu++14";
				CLANG_CXX_LIBRARY = "libc++";
				CLANG_ENABLE_MODULES = YES;
				CLANG_ENABLE_OBJC_ARC = YES;
				CLANG_ENABLE_OBJC_WEAK = YES;
				CLANG_WARN_BLOCK_CAPTURE_AUTORELEASING = YES;
				CLANG_WARN_BOOL_CONVERSION = YES;
				CLANG_WARN_COMMA = YES;
				CLANG_WARN_CONSTANT_CONVERSION = YES;
				CLANG_WARN_DEPRECATED_OBJC_IMPLEMENTATIONS = YES;
				CLANG_WARN_DIRECT_OBJC_ISA_USAGE = YES_ERROR;
				CLANG_WARN_DOCUMENTATION_COMMENTS = YES;
				CLANG_WARN_EMPTY_BODY = YES;
				CLANG_WARN_ENUM_CONVERSION = YES;
				CLANG_WARN_INFINITE_RECURSION = YES;
				CLANG_WARN_INT_CONVERSION = YES;
				CLANG_WARN_NON_LITERAL_NULL_CONVERSION = YES;
				CLANG_WARN_OBJC_IMPLICIT_RETAIN_SELF = YES;
				CLANG_WARN_OBJC_LITERAL_CONVERSION = YES;
				CLANG_WARN_OBJC_ROOT_CLASS = YES_ERROR;
				CLANG_WARN_QUOTED_INCLUDE_IN_FRAMEWORK_HEADER = YES;
				CLANG_WARN_RANGE_LOOP_ANALYSIS = YES;
				CLANG_WARN_STRICT_PROTOTYPES = YES;
				CLANG_WARN_SUSPICIOUS_MOVE = YES;
				CLANG_WARN_UNGUARDED_AVAILABILITY = YES_AGGRESSIVE;
				CLANG_WARN_UNREACHABLE_CODE = YES;
				CLANG_WARN__DUPLICATE_METHOD_MATCH = YES;
				COPY_PHASE_STRIP = NO;
				DEBUG_INFORMATION_FORMAT = "dwarf-with-dsym";
				ENABLE_NS_ASSERTIONS = NO;
				ENABLE_STRICT_OBJC_MSGSEND = YES;
				GCC_C_LANGUAGE_STANDARD = gnu11;
				GCC_NO_COMMON_BLOCKS = YES;
				GCC_WARN_64_TO_32_BIT_CONVERSION = YES;
				GCC_WARN_ABOUT_RETURN_TYPE = YES_ERROR;
				GCC_WARN_UNDECLARED_SELECTOR = YES;
				GCC_WARN_UNINITIALIZED_AUTOS = YES_AGGRESSIVE;
				GCC_WARN_UNUSED_FUNCTION = YES;
				GCC_WARN_UNUSED_VARIABLE = YES;
				IPHONEOS_DEPLOYMENT_TARGET = 14.5;
				MTL_ENABLE_DEBUG_INFO = NO;
				MTL_FAST_MATH = YES;
				SDKROOT = iphoneos;
				SWIFT_COMPILATION_MODE = wholemodule;
				SWIFT_OPTIMIZATION_LEVEL = "-O";
				VALIDATE_PRODUCT = YES;
			};
			name = Release;
		};
		B226BF9629D126EA0005CA66 /* Debug */ = {
			isa = XCBuildConfiguration;
			baseConfigurationReference = 9952E5B2B14403ED5C115D63 /* Pods-UberApp.debug.xcconfig */;
			buildSettings = {
				ASSETCATALOG_COMPILER_APPICON_NAME = AppIcon;
				ASSETCATALOG_COMPILER_GLOBAL_ACCENT_COLOR_NAME = AccentColor;
				CODE_SIGN_STYLE = Automatic;
				DEVELOPMENT_TEAM = UWF2AC7CJL;
				INFOPLIST_FILE = UberApp/Info.plist;
				LD_RUNPATH_SEARCH_PATHS = (
					"$(inherited)",
					"@executable_path/Frameworks",
				);
				PRODUCT_BUNDLE_IDENTIFIER = com.jaogarciaorg.UberApp;
				PRODUCT_NAME = "$(TARGET_NAME)";
				SWIFT_VERSION = 5.0;
				TARGETED_DEVICE_FAMILY = "1,2";
			};
			name = Debug;
		};
		B226BF9729D126EA0005CA66 /* Release */ = {
			isa = XCBuildConfiguration;
			baseConfigurationReference = 7888661FD2DF417EFD4F22AE /* Pods-UberApp.release.xcconfig */;
			buildSettings = {
				ASSETCATALOG_COMPILER_APPICON_NAME = AppIcon;
				ASSETCATALOG_COMPILER_GLOBAL_ACCENT_COLOR_NAME = AccentColor;
				CODE_SIGN_STYLE = Automatic;
				DEVELOPMENT_TEAM = UWF2AC7CJL;
				INFOPLIST_FILE = UberApp/Info.plist;
				LD_RUNPATH_SEARCH_PATHS = (
					"$(inherited)",
					"@executable_path/Frameworks",
				);
				PRODUCT_BUNDLE_IDENTIFIER = com.jaogarciaorg.UberApp;
				PRODUCT_NAME = "$(TARGET_NAME)";
				SWIFT_VERSION = 5.0;
				TARGETED_DEVICE_FAMILY = "1,2";
			};
			name = Release;
		};
/* End XCBuildConfiguration section */

/* Begin XCConfigurationList section */
		B226BF7C29D126E80005CA66 /* Build configuration list for PBXProject "UberApp" */ = {
			isa = XCConfigurationList;
			buildConfigurations = (
				B226BF9329D126EA0005CA66 /* Debug */,
				B226BF9429D126EA0005CA66 /* Release */,
			);
			defaultConfigurationIsVisible = 0;
			defaultConfigurationName = Release;
		};
		B226BF9529D126EA0005CA66 /* Build configuration list for PBXNativeTarget "UberApp" */ = {
			isa = XCConfigurationList;
			buildConfigurations = (
				B226BF9629D126EA0005CA66 /* Debug */,
				B226BF9729D126EA0005CA66 /* Release */,
			);
			defaultConfigurationIsVisible = 0;
			defaultConfigurationName = Release;
		};
/* End XCConfigurationList section */
	};
	rootObject = B226BF7929D126E80005CA66 /* Project object */;
}
